// !$*UTF8*$!
{
	archiveVersion = 1;
	classes = {
	};
	objectVersion = 50;
	objects = {

/* Begin PBXBuildFile section */
		8A55D76C24D1D44C00AD7AC6 /* AppDelegate.swift in Sources */ = {isa = PBXBuildFile; fileRef = 8A55D76B24D1D44C00AD7AC6 /* AppDelegate.swift */; };
		8A55D77024D1D44C00AD7AC6 /* SessionViewController.swift in Sources */ = {isa = PBXBuildFile; fileRef = 8A55D76F24D1D44C00AD7AC6 /* SessionViewController.swift */; };
		8A55D77324D1D44C00AD7AC6 /* Main.storyboard in Resources */ = {isa = PBXBuildFile; fileRef = 8A55D77124D1D44C00AD7AC6 /* Main.storyboard */; };
		8A55D77824D1D44E00AD7AC6 /* LaunchScreen.storyboard in Resources */ = {isa = PBXBuildFile; fileRef = 8A55D77624D1D44E00AD7AC6 /* LaunchScreen.storyboard */; };
		8A55D78224D2CCC500AD7AC6 /* Assets.xcassets in Resources */ = {isa = PBXBuildFile; fileRef = 8A55D78124D2CCC500AD7AC6 /* Assets.xcassets */; };
		8A55D78424D2D10700AD7AC6 /* breakViewController.swift in Sources */ = {isa = PBXBuildFile; fileRef = 8A55D78324D2D10700AD7AC6 /* breakViewController.swift */; };
/* End PBXBuildFile section */

/* Begin PBXFileReference section */
		8A55D76824D1D44C00AD7AC6 /* CACTUS2.app */ = {isa = PBXFileReference; explicitFileType = wrapper.application; includeInIndex = 0; path = CACTUS2.app; sourceTree = BUILT_PRODUCTS_DIR; };
		8A55D76B24D1D44C00AD7AC6 /* AppDelegate.swift */ = {isa = PBXFileReference; lastKnownFileType = sourcecode.swift; path = AppDelegate.swift; sourceTree = "<group>"; };
		8A55D76F24D1D44C00AD7AC6 /* SessionViewController.swift */ = {isa = PBXFileReference; lastKnownFileType = sourcecode.swift; path = SessionViewController.swift; sourceTree = "<group>"; };
		8A55D77224D1D44C00AD7AC6 /* Base */ = {isa = PBXFileReference; lastKnownFileType = file.storyboard; name = Base; path = Base.lproj/Main.storyboard; sourceTree = "<group>"; };
		8A55D77724D1D44E00AD7AC6 /* Base */ = {isa = PBXFileReference; lastKnownFileType = file.storyboard; name = Base; path = Base.lproj/LaunchScreen.storyboard; sourceTree = "<group>"; };
		8A55D77924D1D44E00AD7AC6 /* Info.plist */ = {isa = PBXFileReference; lastKnownFileType = text.plist.xml; path = Info.plist; sourceTree = "<group>"; };
		8A55D78024D2CC3C00AD7AC6 /* Assets.xcassets */ = {isa = PBXFileReference; lastKnownFileType = folder.assetcatalog; name = Assets.xcassets; path = ../CACTUS2.xcodeproj/Assets.xcassets; sourceTree = "<group>"; };
		8A55D78124D2CCC500AD7AC6 /* Assets.xcassets */ = {isa = PBXFileReference; lastKnownFileType = folder.assetcatalog; path = Assets.xcassets; sourceTree = "<group>"; };
		8A55D78324D2D10700AD7AC6 /* breakViewController.swift */ = {isa = PBXFileReference; lastKnownFileType = sourcecode.swift; name = breakViewController.swift; path = "/Users/karim/Desktop/n!/Swift/CACTUS2/CACTUS2/breakViewController.swift"; sourceTree = "<absolute>"; };
/* End PBXFileReference section */

/* Begin PBXFrameworksBuildPhase section */
		8A55D76524D1D44C00AD7AC6 /* Frameworks */ = {
			isa = PBXFrameworksBuildPhase;
			buildActionMask = 2147483647;
			files = (
			);
			runOnlyForDeploymentPostprocessing = 0;
		};
/* End PBXFrameworksBuildPhase section */

/* Begin PBXGroup section */
		8A55D75F24D1D44C00AD7AC6 = {
			isa = PBXGroup;
			children = (
				8A55D76A24D1D44C00AD7AC6 /* CACTUS2 */,
				8A55D76924D1D44C00AD7AC6 /* Products */,
			);
			sourceTree = "<group>";
		};
		8A55D76924D1D44C00AD7AC6 /* Products */ = {
			isa = PBXGroup;
			children = (
				8A55D76824D1D44C00AD7AC6 /* CACTUS2.app */,
			);
			name = Products;
			sourceTree = "<group>";
		};
		8A55D76A24D1D44C00AD7AC6 /* CACTUS2 */ = {
			isa = PBXGroup;
			children = (
				8A55D78024D2CC3C00AD7AC6 /* Assets.xcassets */,
				8A55D78124D2CCC500AD7AC6 /* Assets.xcassets */,
				8A55D76B24D1D44C00AD7AC6 /* AppDelegate.swift */,
				8A55D76F24D1D44C00AD7AC6 /* SessionViewController.swift */,
				8A55D77124D1D44C00AD7AC6 /* Main.storyboard */,
				8A55D77624D1D44E00AD7AC6 /* LaunchScreen.storyboard */,
				8A55D77924D1D44E00AD7AC6 /* Info.plist */,
				8A55D78324D2D10700AD7AC6 /* breakViewController.swift */,
			);
			path = CACTUS2;
			sourceTree = "<group>";
		};
/* End PBXGroup section */

/* Begin PBXNativeTarget section */
		8A55D76724D1D44C00AD7AC6 /* CACTUS2 */ = {
			isa = PBXNativeTarget;
			buildConfigurationList = 8A55D77C24D1D44F00AD7AC6 /* Build configuration list for PBXNativeTarget "CACTUS2" */;
			buildPhases = (
				8A55D76424D1D44C00AD7AC6 /* Sources */,
				8A55D76524D1D44C00AD7AC6 /* Frameworks */,
				8A55D76624D1D44C00AD7AC6 /* Resources */,
			);
			buildRules = (
			);
			dependencies = (
			);
			name = CACTUS2;
			productName = CACTUS2;
			productReference = 8A55D76824D1D44C00AD7AC6 /* CACTUS2.app */;
			productType = "com.apple.product-type.application";
		};
/* End PBXNativeTarget section */

/* Begin PBXProject section */
		8A55D76024D1D44C00AD7AC6 /* Project object */ = {
			isa = PBXProject;
			attributes = {
				LastSwiftUpdateCheck = 1160;
				LastUpgradeCheck = 1160;
				ORGANIZATIONNAME = "Karim Inc.";
				TargetAttributes = {
					8A55D76724D1D44C00AD7AC6 = {
						CreatedOnToolsVersion = 11.6;
					};
				};
			};
			buildConfigurationList = 8A55D76324D1D44C00AD7AC6 /* Build configuration list for PBXProject "CACTUS2" */;
			compatibilityVersion = "Xcode 9.3";
			developmentRegion = en;
			hasScannedForEncodings = 0;
			knownRegions = (
				en,
				Base,
			);
			mainGroup = 8A55D75F24D1D44C00AD7AC6;
			productRefGroup = 8A55D76924D1D44C00AD7AC6 /* Products */;
			projectDirPath = "";
			projectRoot = "";
			targets = (
				8A55D76724D1D44C00AD7AC6 /* CACTUS2 */,
			);
		};
/* End PBXProject section */

/* Begin PBXResourcesBuildPhase section */
		8A55D76624D1D44C00AD7AC6 /* Resources */ = {
			isa = PBXResourcesBuildPhase;
			buildActionMask = 2147483647;
			files = (
				8A55D77824D1D44E00AD7AC6 /* LaunchScreen.storyboard in Resources */,
				8A55D78224D2CCC500AD7AC6 /* Assets.xcassets in Resources */,
				8A55D77324D1D44C00AD7AC6 /* Main.storyboard in Resources */,
			);
			runOnlyForDeploymentPostprocessing = 0;
		};
/* End PBXResourcesBuildPhase section */

/* Begin PBXSourcesBuildPhase section */
		8A55D76424D1D44C00AD7AC6 /* Sources */ = {
			isa = PBXSourcesBuildPhase;
			buildActionMask = 2147483647;
			files = (
				8A55D77024D1D44C00AD7AC6 /* SessionViewController.swift in Sources */,
				8A55D78424D2D10700AD7AC6 /* breakViewController.swift in Sources */,
				8A55D76C24D1D44C00AD7AC6 /* AppDelegate.swift in Sources */,
			);
			runOnlyForDeploymentPostprocessing = 0;
		};
/* End PBXSourcesBuildPhase section */

/* Begin PBXVariantGroup section */
		8A55D77124D1D44C00AD7AC6 /* Main.storyboard */ = {
			isa = PBXVariantGroup;
			children = (
				8A55D77224D1D44C00AD7AC6 /* Base */,
			);
			name = Main.storyboard;
			sourceTree = "<group>";
		};
		8A55D77624D1D44E00AD7AC6 /* LaunchScreen.storyboard */ = {
			isa = PBXVariantGroup;
			children = (
				8A55D77724D1D44E00AD7AC6 /* Base */,
			);
			name = LaunchScreen.storyboard;
			sourceTree = "<group>";
		};
/* End PBXVariantGroup section */

/* Begin XCBuildConfiguration section */
		8A55D77A24D1D44F00AD7AC6 /* Debug */ = {
			isa = XCBuildConfiguration;
			buildSettings = {
				ALWAYS_SEARCH_USER_PATHS = NO;
				CLANG_ANALYZER_NONNULL = YES;
				CLANG_ANALYZER_NUMBER_OBJECT_CONVERSION = YES_AGGRESSIVE;
				CLANG_CXX_LANGUAGE_STANDARD = "gnu++14";
				CLANG_CXX_LIBRARY = "libc++";
				CLANG_ENABLE_MODULES = YES;
				CLANG_ENABLE_OBJC_ARC = YES;
				CLANG_ENABLE_OBJC_WEAK = YES;
				CLANG_WARN_BLOCK_CAPTURE_AUTORELEASING = YES;
				CLANG_WARN_BOOL_CONVERSION = YES;
				CLANG_WARN_COMMA = YES;
				CLANG_WARN_CONSTANT_CONVERSION = YES;
				CLANG_WARN_DEPRECATED_OBJC_IMPLEMENTATIONS = YES;
				CLANG_WARN_DIRECT_OBJC_ISA_USAGE = YES_ERROR;
				CLANG_WARN_DOCUMENTATION_COMMENTS = YES;
				CLANG_WARN_EMPTY_BODY = YES;
				CLANG_WARN_ENUM_CONVERSION = YES;
				CLANG_WARN_INFINITE_RECURSION = YES;
				CLANG_WARN_INT_CONVERSION = YES;
				CLANG_WARN_NON_LITERAL_NULL_CONVERSION = YES;
				CLANG_WARN_OBJC_IMPLICIT_RETAIN_SELF = YES;
				CLANG_WARN_OBJC_LITERAL_CONVERSION = YES;
				CLANG_WARN_OBJC_ROOT_CLASS = YES_ERROR;
				CLANG_WARN_RANGE_LOOP_ANALYSIS = YES;
				CLANG_WARN_STRICT_PROTOTYPES = YES;
				CLANG_WARN_SUSPICIOUS_MOVE = YES;
				CLANG_WARN_UNGUARDED_AVAILABILITY = YES_AGGRESSIVE;
				CLANG_WARN_UNREACHABLE_CODE = YES;
				CLANG_WARN__DUPLICATE_METHOD_MATCH = YES;
				COPY_PHASE_STRIP = NO;
				DEBUG_INFORMATION_FORMAT = dwarf;
				ENABLE_STRICT_OBJC_MSGSEND = YES;
				ENABLE_TESTABILITY = YES;
				GCC_C_LANGUAGE_STANDARD = gnu11;
				GCC_DYNAMIC_NO_PIC = NO;
				GCC_NO_COMMON_BLOCKS = YES;
				GCC_OPTIMIZATION_LEVEL = 0;
				GCC_PREPROCESSOR_DEFINITIONS = (
					"DEBUG=1",
					"$(inherited)",
				);
				GCC_WARN_64_TO_32_BIT_CONVERSION = YES;
				GCC_WARN_ABOUT_RETURN_TYPE = YES_ERROR;
				GCC_WARN_UNDECLARED_SELECTOR = YES;
				GCC_WARN_UNINITIALIZED_AUTOS = YES_AGGRESSIVE;
				GCC_WARN_UNUSED_FUNCTION = YES;
				GCC_WARN_UNUSED_VARIABLE = YES;
				IPHONEOS_DEPLOYMENT_TARGET = 13.6;
				MTL_ENABLE_DEBUG_INFO = INCLUDE_SOURCE;
				MTL_FAST_MATH = YES;
				ONLY_ACTIVE_ARCH = YES;
				SDKROOT = iphoneos;
				SWIFT_ACTIVE_COMPILATION_CONDITIONS = DEBUG;
				SWIFT_OPTIMIZATION_LEVEL = "-Onone";
			};
			name = Debug;
		};
		8A55D77B24D1D44F00AD7AC6 /* Release */ = {
			isa = XCBuildConfiguration;
			buildSettings = {
				ALWAYS_SEARCH_USER_PATHS = NO;
				CLANG_ANALYZER_NONNULL = YES;
				CLANG_ANALYZER_NUMBER_OBJECT_CONVERSION = YES_AGGRESSIVE;
				CLANG_CXX_LANGUAGE_STANDARD = "gnu++14";
				CLANG_CXX_LIBRARY = "libc++";
				CLANG_ENABLE_MODULES = YES;
				CLANG_ENABLE_OBJC_ARC = YES;
				CLANG_ENABLE_OBJC_WEAK = YES;
				CLANG_WARN_BLOCK_CAPTURE_AUTORELEASING = YES;
				CLANG_WARN_BOOL_CONVERSION = YES;
				CLANG_WARN_COMMA = YES;
				CLANG_WARN_CONSTANT_CONVERSION = YES;
				CLANG_WARN_DEPRECATED_OBJC_IMPLEMENTATIONS = YES;
				CLANG_WARN_DIRECT_OBJC_ISA_USAGE = YES_ERROR;
				CLANG_WARN_DOCUMENTATION_COMMENTS = YES;
				CLANG_WARN_EMPTY_BODY = YES;
				CLANG_WARN_ENUM_CONVERSION = YES;
				CLANG_WARN_INFINITE_RECURSION = YES;
				CLANG_WARN_INT_CONVERSION = YES;
				CLANG_WARN_NON_LITERAL_NULL_CONVERSION = YES;
				CLANG_WARN_OBJC_IMPLICIT_RETAIN_SELF = YES;
				CLANG_WARN_OBJC_LITERAL_CONVERSION = YES;
				CLANG_WARN_OBJC_ROOT_CLASS = YES_ERROR;
				CLANG_WARN_RANGE_LOOP_ANALYSIS = YES;
				CLANG_WARN_STRICT_PROTOTYPES = YES;
				CLANG_WARN_SUSPICIOUS_MOVE = YES;
				CLANG_WARN_UNGUARDED_AVAILABILITY = YES_AGGRESSIVE;
				CLANG_WARN_UNREACHABLE_CODE = YES;
				CLANG_WARN__DUPLICATE_METHOD_MATCH = YES;
				COPY_PHASE_STRIP = NO;
				DEBUG_INFORMATION_FORMAT = "dwarf-with-dsym";
				ENABLE_NS_ASSERTIONS = NO;
				ENABLE_STRICT_OBJC_MSGSEND = YES;
				GCC_C_LANGUAGE_STANDARD = gnu11;
				GCC_NO_COMMON_BLOCKS = YES;
				GCC_WARN_64_TO_32_BIT_CONVERSION = YES;
				GCC_WARN_ABOUT_RETURN_TYPE = YES_ERROR;
				GCC_WARN_UNDECLARED_SELECTOR = YES;
				GCC_WARN_UNINITIALIZED_AUTOS = YES_AGGRESSIVE;
				GCC_WARN_UNUSED_FUNCTION = YES;
				GCC_WARN_UNUSED_VARIABLE = YES;
				IPHONEOS_DEPLOYMENT_TARGET = 13.6;
				MTL_ENABLE_DEBUG_INFO = NO;
				MTL_FAST_MATH = YES;
				SDKROOT = iphoneos;
				SWIFT_COMPILATION_MODE = wholemodule;
				SWIFT_OPTIMIZATION_LEVEL = "-O";
				VALIDATE_PRODUCT = YES;
			};
			name = Release;
		};
		8A55D77D24D1D44F00AD7AC6 /* Debug */ = {
			isa = XCBuildConfiguration;
			buildSettings = {
				ASSETCATALOG_COMPILER_APPICON_NAME = AppIcon;
				CODE_SIGN_STYLE = Automatic;
				INFOPLIST_FILE = CACTUS2/Info.plist;
				LD_RUNPATH_SEARCH_PATHS = (
					"$(inherited)",
					"@executable_path/Frameworks",
				);
				PRODUCT_BUNDLE_IDENTIFIER = KarimDev.CACTUS2;
				PRODUCT_NAME = "$(TARGET_NAME)";
				SWIFT_VERSION = 5.0;
				TARGETED_DEVICE_FAMILY = "1,2";
			};
			name = Debug;
		};
		8A55D77E24D1D44F00AD7AC6 /* Release */ = {
			isa = XCBuildConfiguration;
			buildSettings = {
				ASSETCATALOG_COMPILER_APPICON_NAME = AppIcon;
				CODE_SIGN_STYLE = Automatic;
				INFOPLIST_FILE = CACTUS2/Info.plist;
				LD_RUNPATH_SEARCH_PATHS = (
					"$(inherited)",
					"@executable_path/Frameworks",
				);
				PRODUCT_BUNDLE_IDENTIFIER = KarimDev.CACTUS2;
				PRODUCT_NAME = "$(TARGET_NAME)";
				SWIFT_VERSION = 5.0;
				TARGETED_DEVICE_FAMILY = "1,2";
			};
			name = Release;
		};
/* End XCBuildConfiguration section */

/* Begin XCConfigurationList section */
		8A55D76324D1D44C00AD7AC6 /* Build configuration list for PBXProject "CACTUS2" */ = {
			isa = XCConfigurationList;
			buildConfigurations = (
				8A55D77A24D1D44F00AD7AC6 /* Debug */,
				8A55D77B24D1D44F00AD7AC6 /* Release */,
			);
			defaultConfigurationIsVisible = 0;
			defaultConfigurationName = Release;
		};
		8A55D77C24D1D44F00AD7AC6 /* Build configuration list for PBXNativeTarget "CACTUS2" */ = {
			isa = XCConfigurationList;
			buildConfigurations = (
				8A55D77D24D1D44F00AD7AC6 /* Debug */,
				8A55D77E24D1D44F00AD7AC6 /* Release */,
			);
			defaultConfigurationIsVisible = 0;
			defaultConfigurationName = Release;
		};
/* End XCConfigurationList section */
	};
	rootObject = 8A55D76024D1D44C00AD7AC6 /* Project object */;
}
